
Microsoft Visual Studio Solution File, Format Version 12.00
# Visual Studio Version 17
VisualStudioVersion = 17.10.35122.118
MinimumVisualStudioVersion = 10.0.40219.1
Project("{F184B08F-C81C-45F6-A57F-5ABD9991F28F}") = "WPFDex", "WPFDex\WPFDex.vbproj", "{B66B9343-BE99-4449-A253-313AA11E78A0}"
EndProject
Global
	GlobalSection(SolutionConfigurationPlatforms) = preSolution
		Debug|Any CPU = Debug|Any CPU
		Release|Any CPU = Release|Any CPU
	EndGlobalSection
	GlobalSection(ProjectConfigurationPlatforms) = postSolution
		{B66B9343-BE99-4449-A253-313AA11E78A0}.Debug|Any CPU.ActiveCfg = Debug|Any CPU
		{B66B9343-BE99-4449-A253-313AA11E78A0}.Debug|Any CPU.Build.0 = Debug|Any CPU
		{B66B9343-BE99-4449-A253-313AA11E78A0}.Release|Any CPU.ActiveCfg = Release|Any CPU
		{B66B9343-BE99-4449-A253-313AA11E78A0}.Release|Any CPU.Build.0 = Release|Any CPU
	EndGlobalSection
	GlobalSection(SolutionProperties) = preSolution
		HideSolutionNode = FALSE
	EndGlobalSection
	GlobalSection(ExtensibilityGlobals) = postSolution
		SolutionGuid = {1F300D58-6E81-4CC7-B7D8-C5745326AE17}
	EndGlobalSection
EndGlobal
